
Microsoft Visual Studio Solution File, Format Version 12.00
# Visual Studio Version 17
VisualStudioVersion = 17.8.34309.116
MinimumVisualStudioVersion = 10.0.40219.1
Project("{FAE04EC0-301F-11D3-BF4B-00C04F79EFBC}") = "Shooting", "Shooting.csproj", "{8210862A-F44A-4D76-A7AF-86B481B81519}"
EndProject
Global
	GlobalSection(SolutionConfigurationPlatforms) = preSolution
		Debug|Any CPU = Debug|Any CPU
		Release|Any CPU = Release|Any CPU
	EndGlobalSection
	GlobalSection(ProjectConfigurationPlatforms) = postSolution
		{8210862A-F44A-4D76-A7AF-86B481B81519}.Debug|Any CPU.ActiveCfg = Debug|Any CPU
		{8210862A-F44A-4D76-A7AF-86B481B81519}.Debug|Any CPU.Build.0 = Debug|Any CPU
		{8210862A-F44A-4D76-A7AF-86B481B81519}.Release|Any CPU.ActiveCfg = Release|Any CPU
		{8210862A-F44A-4D76-A7AF-86B481B81519}.Release|Any CPU.Build.0 = Release|Any CPU
	EndGlobalSection
	GlobalSection(SolutionProperties) = preSolution
		HideSolutionNode = FALSE
	EndGlobalSection
	GlobalSection(ExtensibilityGlobals) = postSolution
		SolutionGuid = {009D105B-6309-445F-8392-7CB5CD5C66ED}
	EndGlobalSection
EndGlobal
